{
    "requires": true,
    "lockfileVersion": 1,
    "dependencies": {
        "vue-router": {
            "version": "3.4.9",
            "resolved": "https://registry.npmjs.org/vue-router/-/vue-router-3.4.9.tgz",
            "integrity": "sha512-CGAKWN44RqXW06oC+u4mPgHLQQi2t6vLD/JbGRDAXm0YpMv0bgpKuU5bBd7AvMgfTz9kXVRIWKHqRwGEb8xFkA=="
        },
        "vuex": {
            "version": "3.6.0",
            "resolved": "https://registry.npmjs.org/vuex/-/vuex-3.6.0.tgz",
            "integrity": "sha512-W74OO2vCJPs9/YjNjW8lLbj+jzT24waTo2KShI8jLvJW8OaIkgb3wuAMA7D+ZiUxDOx3ubwSZTaJBip9G8a3aQ=="
        }
    }
}
