[[package]]
name = "amqp"
version = "5.1.1"
description = "Low-level AMQP client for Python (fork of amqplib)."
category = "main"
optional = false
python-versions = ">=3.6"

[package.dependencies]
vine = ">=5.0.0"

[[package]]
name = "asgiref"
version = "3.5.2"
description = "ASGI specs, helper code, and adapters"
category = "main"
optional = false
python-versions = ">=3.7"

[package.extras]
tests = ["pytest", "pytest-asyncio", "mypy (>=0.800)"]

[[package]]
name = "async-timeout"
version = "4.0.2"
description = "Timeout context manager for asyncio programs"
category = "main"
optional = false
python-versions = ">=3.6"

[[package]]
name = "atomicwrites"
version = "1.4.1"
description = "Atomic file writes."
category = "dev"
optional = false
python-versions = ">=2.7, !=3.0.*, !=3.1.*, !=3.2.*, !=3.3.*"

[[package]]
name = "attrs"
version = "22.1.0"
description = "Classes Without Boilerplate"
category = "dev"
optional = false
python-versions = ">=3.5"

[package.extras]
tests_no_zope = ["cloudpickle", "pytest-mypy-plugins", "mypy (>=0.900,!=0.940)", "pytest (>=4.3.0)", "pympler", "hypothesis", "coverage[toml] (>=5.0.2)"]
tests = ["cloudpickle", "zope.interface", "pytest-mypy-plugins", "mypy (>=0.900,!=0.940)", "pytest (>=4.3.0)", "pympler", "hypothesis", "coverage[toml] (>=5.0.2)"]
docs = ["sphinx-notfound-page", "zope.interface", "sphinx", "furo"]
dev = ["cloudpickle", "pre-commit", "sphinx-notfound-page", "sphinx", "furo", "zope.interface", "pytest-mypy-plugins", "mypy (>=0.900,!=0.940)", "pytest (>=4.3.0)", "pympler", "hypothesis", "coverage[toml] (>=5.0.2)"]

[[package]]
name = "billiard"
version = "3.6.4.0"
description = "Python multiprocessing fork with improvements and bugfixes"
category = "main"
optional = false
python-versions = "*"

[[package]]
name = "black"
version = "22.6.0"
description = "The uncompromising code formatter."
category = "dev"
optional = false
python-versions = ">=3.6.2"

[package.dependencies]
click = ">=8.0.0"
mypy-extensions = ">=0.4.3"
pathspec = ">=0.9.0"
platformdirs = ">=2"
tomli = {version = ">=1.1.0", markers = "python_full_version < \"3.11.0a7\""}

[package.extras]
colorama = ["colorama (>=0.4.3)"]
d = ["aiohttp (>=3.7.4)"]
jupyter = ["ipython (>=7.8.0)", "tokenize-rt (>=3.2.0)"]
uvloop = ["uvloop (>=0.15.2)"]

[[package]]
name = "celery"
version = "5.2.7"
description = "Distributed Task Queue."
category = "main"
optional = false
python-versions = ">=3.7"

[package.dependencies]
billiard = ">=3.6.4.0,<4.0"
click = ">=8.0.3,<9.0"
click-didyoumean = ">=0.0.3"
click-plugins = ">=1.1.1"
click-repl = ">=0.2.0"
kombu = ">=5.2.3,<6.0"
pytz = ">=2021.3"
vine = ">=5.0.0,<6.0"

[package.extras]
arangodb = ["pyArango (>=1.3.2)"]
auth = ["cryptography"]
azureblockblob = ["azure-storage-blob (==12.9.0)"]
brotli = ["brotli (>=1.0.0)", "brotlipy (>=0.7.0)"]
cassandra = ["cassandra-driver (<3.21.0)"]
consul = ["python-consul2"]
cosmosdbsql = ["pydocumentdb (==2.3.2)"]
couchbase = ["couchbase (>=3.0.0)"]
couchdb = ["pycouchdb"]
django = ["Django (>=1.11)"]
dynamodb = ["boto3 (>=1.9.178)"]
elasticsearch = ["elasticsearch"]
eventlet = ["eventlet (>=0.32.0)"]
gevent = ["gevent (>=1.5.0)"]
librabbitmq = ["librabbitmq (>=1.5.0)"]
memcache = ["pylibmc"]
mongodb = ["pymongo[srv] (>=3.11.1)"]
msgpack = ["msgpack"]
pymemcache = ["python-memcached"]
pyro = ["pyro4"]
pytest = ["pytest-celery"]
redis = ["redis (>=3.4.1,!=4.0.0,!=4.0.1)"]
s3 = ["boto3 (>=1.9.125)"]
slmq = ["softlayer-messaging (>=1.0.3)"]
solar = ["ephem"]
sqlalchemy = ["sqlalchemy"]
sqs = ["kombu"]
tblib = ["tblib (>=1.3.0)", "tblib (>=1.5.0)"]
yaml = ["PyYAML (>=3.10)"]
zookeeper = ["kazoo (>=1.3.1)"]
zstd = ["zstandard"]

[[package]]
name = "certifi"
version = "2022.6.15"
description = "Python package for providing Mozilla's CA Bundle."
category = "main"
optional = false
python-versions = ">=3.6"

[[package]]
name = "charset-normalizer"
version = "2.1.0"
description = "The Real First Universal Charset Detector. Open, modern and actively maintained alternative to Chardet."
category = "main"
optional = false
python-versions = ">=3.6.0"

[package.extras]
unicode_backport = ["unicodedata2"]

[[package]]
name = "click"
version = "8.1.3"
description = "Composable command line interface toolkit"
category = "main"
optional = false
python-versions = ">=3.7"

[package.dependencies]
colorama = {version = "*", markers = "platform_system == \"Windows\""}

[[package]]
name = "click-didyoumean"
version = "0.3.0"
description = "Enables git-like *did-you-mean* feature in click"
category = "main"
optional = false
python-versions = ">=3.6.2,<4.0.0"

[package.dependencies]
click = ">=7"

[[package]]
name = "click-plugins"
version = "1.1.1"
description = "An extension module for click to enable registering CLI commands via setuptools entry-points."
category = "main"
optional = false
python-versions = "*"

[package.dependencies]
click = ">=4.0"

[package.extras]
dev = ["coveralls", "wheel", "pytest-cov", "pytest (>=3.6)"]

[[package]]
name = "click-repl"
version = "0.2.0"
description = "REPL plugin for Click"
category = "main"
optional = false
python-versions = "*"

[package.dependencies]
click = "*"
prompt-toolkit = "*"
six = "*"

[[package]]
name = "colorama"
version = "0.4.5"
description = "Cross-platform colored terminal text."
category = "main"
optional = false
python-versions = ">=2.7, !=3.0.*, !=3.1.*, !=3.2.*, !=3.3.*, !=3.4.*"

[[package]]
name = "coreapi"
version = "2.3.3"
description = "Python client library for Core API."
category = "main"
optional = false
python-versions = "*"

[package.dependencies]
coreschema = "*"
itypes = "*"
requests = "*"
uritemplate = "*"

[[package]]
name = "coreschema"
version = "0.0.4"
description = "Core Schema."
category = "main"
optional = false
python-versions = "*"

[package.dependencies]
jinja2 = "*"

[[package]]
name = "debugpy"
version = "1.6.3"
description = "An implementation of the Debug Adapter Protocol for Python"
category = "dev"
optional = false
python-versions = ">=3.7"

[[package]]
name = "deprecated"
version = "1.2.13"
description = "Python @deprecated decorator to deprecate old python classes, functions or methods."
category = "main"
optional = false
python-versions = ">=2.7, !=3.0.*, !=3.1.*, !=3.2.*, !=3.3.*"

[package.dependencies]
wrapt = ">=1.10,<2"

[package.extras]
dev = ["tox", "bump2version (<1)", "sphinx (<2)", "importlib-metadata (<3)", "importlib-resources (<4)", "configparser (<5)", "sphinxcontrib-websupport (<2)", "zipp (<2)", "PyTest (<5)", "PyTest-Cov (<2.6)", "pytest", "pytest-cov"]

[[package]]
name = "django"
version = "4.1"
description = "A high-level Python web framework that encourages rapid development and clean, pragmatic design."
category = "main"
optional = false
python-versions = ">=3.8"

[package.dependencies]
asgiref = ">=3.5.2,<4"
sqlparse = ">=0.2.2"
tzdata = {version = "*", markers = "sys_platform == \"win32\""}

[package.extras]
bcrypt = ["bcrypt"]
argon2 = ["argon2-cffi (>=19.1.0)"]

[[package]]
name = "djangorestframework"
version = "3.13.1"
description = "Web APIs for Django, made easy."
category = "main"
optional = false
python-versions = ">=3.6"

[package.dependencies]
django = ">=2.2"
pytz = "*"

[[package]]
name = "drf-yasg"
version = "1.21.3"
description = "Automated generation of real Swagger/OpenAPI 2.0 schemas from Django Rest Framework code."
category = "main"
optional = false
python-versions = ">=3.6"

[package.dependencies]
coreapi = ">=2.3.3"
coreschema = ">=0.0.4"
django = ">=2.2.16"
djangorestframework = ">=3.10.3"
inflection = ">=0.3.1"
packaging = ">=21.0"
pytz = ">=2021.1"
"ruamel.yaml" = ">=0.16.13"
uritemplate = ">=3.0.0"

[package.extras]
validation = ["swagger-spec-validator (>=2.1.0)"]

[[package]]
name = "execnet"
version = "1.9.0"
description = "execnet: rapid multi-Python deployment"
category = "dev"
optional = false
python-versions = ">=2.7, !=3.0.*, !=3.1.*, !=3.2.*, !=3.3.*, !=3.4.*"

[package.extras]
testing = ["pre-commit"]

[[package]]
name = "idna"
version = "3.3"
description = "Internationalized Domain Names in Applications (IDNA)"
category = "main"
optional = false
python-versions = ">=3.5"

[[package]]
name = "inflection"
version = "0.5.1"
description = "A port of Ruby on Rails inflector to Python"
category = "main"
optional = false
python-versions = ">=3.5"

[[package]]
name = "iniconfig"
version = "1.1.1"
description = "iniconfig: brain-dead simple config-ini parsing"
category = "dev"
optional = false
python-versions = "*"

[[package]]
name = "itypes"
version = "1.2.0"
description = "Simple immutable types for python."
category = "main"
optional = false
python-versions = "*"

[[package]]
name = "jinja2"
version = "3.1.2"
description = "A very fast and expressive template engine."
category = "main"
optional = false
python-versions = ">=3.7"

[package.dependencies]
MarkupSafe = ">=2.0"

[package.extras]
i18n = ["Babel (>=2.7)"]

[[package]]
name = "kombu"
version = "5.2.4"
description = "Messaging library for Python."
category = "main"
optional = false
python-versions = ">=3.7"

[package.dependencies]
amqp = ">=5.0.9,<6.0.0"
vine = "*"

[package.extras]
azureservicebus = ["azure-servicebus (>=7.0.0)"]
azurestoragequeues = ["azure-storage-queue"]
consul = ["python-consul (>=0.6.0)"]
librabbitmq = ["librabbitmq (>=2.0.0)"]
mongodb = ["pymongo (>=3.3.0,<3.12.1)"]
msgpack = ["msgpack"]
pyro = ["pyro4"]
qpid = ["qpid-python (>=0.26)", "qpid-tools (>=0.26)"]
redis = ["redis (>=3.4.1,!=4.0.0,!=4.0.1)"]
slmq = ["softlayer-messaging (>=1.0.3)"]
sqlalchemy = ["sqlalchemy"]
sqs = ["boto3 (>=1.9.12)", "pycurl (>=7.44.1,<7.45.0)", "urllib3 (>=1.26.7)"]
yaml = ["PyYAML (>=3.10)"]
zookeeper = ["kazoo (>=1.3.1)"]

[[package]]
name = "markdown"
version = "3.4.1"
description = "Python implementation of Markdown."
category = "main"
optional = false
python-versions = ">=3.7"

[package.extras]
testing = ["pyyaml", "coverage"]

[[package]]
name = "markupsafe"
version = "2.1.1"
description = "Safely add untrusted strings to HTML/XML markup."
category = "main"
optional = false
python-versions = ">=3.7"

[[package]]
name = "model-bakery"
version = "1.7.0"
description = "Smart object creation facility for Django."
category = "dev"
optional = false
python-versions = "*"

[package.dependencies]
django = ">=3.2"

[[package]]
name = "mypy-extensions"
version = "0.4.3"
description = "Experimental type system extensions for programs checked with the mypy typechecker."
category = "dev"
optional = false
python-versions = "*"

[[package]]
name = "packaging"
version = "21.3"
description = "Core utilities for Python packages"
category = "main"
optional = false
python-versions = ">=3.6"

[package.dependencies]
pyparsing = ">=2.0.2,<3.0.5 || >3.0.5"

[[package]]
name = "pathspec"
version = "0.9.0"
description = "Utility library for gitignore style pattern matching of file paths."
category = "dev"
optional = false
python-versions = "!=3.0.*,!=3.1.*,!=3.2.*,!=3.3.*,!=3.4.*,>=2.7"

[[package]]
name = "platformdirs"
version = "2.5.2"
description = "A small Python module for determining appropriate platform-specific dirs, e.g. a \"user data dir\"."
category = "dev"
optional = false
python-versions = ">=3.7"

[package.extras]
docs = ["furo (>=2021.7.5b38)", "proselint (>=0.10.2)", "sphinx-autodoc-typehints (>=1.12)", "sphinx (>=4)"]
test = ["appdirs (==1.4.4)", "pytest-cov (>=2.7)", "pytest-mock (>=3.6)", "pytest (>=6)"]

[[package]]
name = "pluggy"
version = "1.0.0"
description = "plugin and hook calling mechanisms for python"
category = "dev"
optional = false
python-versions = ">=3.6"

[package.extras]
dev = ["pre-commit", "tox"]
testing = ["pytest", "pytest-benchmark"]

[[package]]
name = "prompt-toolkit"
version = "3.0.30"
description = "Library for building powerful interactive command lines in Python"
category = "main"
optional = false
python-versions = ">=3.6.2"

[package.dependencies]
wcwidth = "*"

[[package]]
name = "psycopg2"
version = "2.9.3"
description = "psycopg2 - Python-PostgreSQL Database Adapter"
category = "main"
optional = false
python-versions = ">=3.6"

[[package]]
name = "py"
version = "1.11.0"
description = "library with cross-python path, ini-parsing, io, code, log facilities"
category = "dev"
optional = false
python-versions = ">=2.7, !=3.0.*, !=3.1.*, !=3.2.*, !=3.3.*, !=3.4.*"

[[package]]
name = "pyparsing"
version = "3.0.9"
description = "pyparsing module - Classes and methods to define and execute parsing grammars"
category = "main"
optional = false
python-versions = ">=3.6.8"

[package.extras]
diagrams = ["railroad-diagrams", "jinja2"]

[[package]]
name = "pytest"
version = "7.1.2"
description = "pytest: simple powerful testing with Python"
category = "dev"
optional = false
python-versions = ">=3.7"

[package.dependencies]
atomicwrites = {version = ">=1.0", markers = "sys_platform == \"win32\""}
attrs = ">=19.2.0"
colorama = {version = "*", markers = "sys_platform == \"win32\""}
iniconfig = "*"
packaging = "*"
pluggy = ">=0.12,<2.0"
py = ">=1.8.2"
tomli = ">=1.0.0"

[package.extras]
testing = ["argcomplete", "hypothesis (>=3.56)", "mock", "nose", "pygments (>=2.7.2)", "requests", "xmlschema"]

[[package]]
name = "pytest-django"
version = "4.5.2"
description = "A Django plugin for pytest."
category = "dev"
optional = false
python-versions = ">=3.5"

[package.dependencies]
pytest = ">=5.4.0"

[package.extras]
docs = ["sphinx", "sphinx-rtd-theme"]
testing = ["django", "django-configurations (>=2.0)"]

[[package]]
name = "pytest-forked"
version = "1.4.0"
description = "run tests in isolated forked subprocesses"
category = "dev"
optional = false
python-versions = ">=3.6"

[package.dependencies]
py = "*"
pytest = ">=3.10"

[[package]]
name = "pytest-xdist"
version = "2.5.0"
description = "pytest xdist plugin for distributed testing and loop-on-failing modes"
category = "dev"
optional = false
python-versions = ">=3.6"

[package.dependencies]
execnet = ">=1.1"
pytest = ">=6.2.0"
pytest-forked = "*"

[package.extras]
testing = ["filelock"]
setproctitle = ["setproctitle"]
psutil = ["psutil (>=3.0)"]

[[package]]
name = "pytz"
version = "2022.2.1"
description = "World timezone definitions, modern and historical"
category = "main"
optional = false
python-versions = "*"

[[package]]
name = "redis"
version = "4.3.4"
description = "Python client for Redis database and key-value store"
category = "main"
optional = false
python-versions = ">=3.6"

[package.dependencies]
async-timeout = ">=4.0.2"
deprecated = ">=1.2.3"
packaging = ">=20.4"

[package.extras]
hiredis = ["hiredis (>=1.0.0)"]
ocsp = ["cryptography (>=36.0.1)", "pyopenssl (==20.0.1)", "requests (>=2.26.0)"]

[[package]]
name = "requests"
version = "2.28.1"
description = "Python HTTP for Humans."
category = "main"
optional = false
python-versions = ">=3.7, <4"

[package.dependencies]
certifi = ">=2017.4.17"
charset-normalizer = ">=2,<3"
idna = ">=2.5,<4"
urllib3 = ">=1.21.1,<1.27"

[package.extras]
socks = ["PySocks (>=1.5.6,!=1.5.7)"]
use_chardet_on_py3 = ["chardet (>=3.0.2,<6)"]

[[package]]
name = "ruamel.yaml"
version = "0.17.21"
description = "ruamel.yaml is a YAML parser/emitter that supports roundtrip preservation of comments, seq/map flow style, and map key order"
category = "main"
optional = false
python-versions = ">=3"

[package.dependencies]
"ruamel.yaml.clib" = {version = ">=0.2.6", markers = "platform_python_implementation == \"CPython\" and python_version < \"3.11\""}

[package.extras]
docs = ["ryd"]
jinja2 = ["ruamel.yaml.jinja2 (>=0.2)"]

[[package]]
name = "ruamel.yaml.clib"
version = "0.2.6"
description = "C version of reader, parser and emitter for ruamel.yaml derived from libyaml"
category = "main"
optional = false
python-versions = ">=3.5"

[[package]]
name = "six"
version = "1.16.0"
description = "Python 2 and 3 compatibility utilities"
category = "main"
optional = false
python-versions = ">=2.7, !=3.0.*, !=3.1.*, !=3.2.*"

[[package]]
name = "sqlparse"
version = "0.4.2"
description = "A non-validating SQL parser."
category = "main"
optional = false
python-versions = ">=3.5"

[[package]]
name = "tomli"
version = "2.0.1"
description = "A lil' TOML parser"
category = "dev"
optional = false
python-versions = ">=3.7"

[[package]]
name = "tzdata"
version = "2022.2"
description = "Provider of IANA time zone data"
category = "main"
optional = false
python-versions = ">=2"

[[package]]
name = "uritemplate"
version = "4.1.1"
description = "Implementation of RFC 6570 URI Templates"
category = "main"
optional = false
python-versions = ">=3.6"

[[package]]
name = "urllib3"
version = "1.26.11"
description = "HTTP library with thread-safe connection pooling, file post, and more."
category = "main"
optional = false
python-versions = ">=2.7, !=3.0.*, !=3.1.*, !=3.2.*, !=3.3.*, !=3.4.*, !=3.5.*, <4"

[package.extras]
brotli = ["brotlicffi (>=0.8.0)", "brotli (>=1.0.9)", "brotlipy (>=0.6.0)"]
secure = ["pyOpenSSL (>=0.14)", "cryptography (>=1.3.4)", "idna (>=2.0.0)", "certifi", "ipaddress"]
socks = ["PySocks (>=1.5.6,!=1.5.7,<2.0)"]

[[package]]
name = "vine"
version = "5.0.0"
description = "Promises, promises, promises."
category = "main"
optional = false
python-versions = ">=3.6"

[[package]]
name = "wcwidth"
version = "0.2.5"
description = "Measures the displayed width of unicode strings in a terminal"
category = "main"
optional = false
python-versions = "*"

[[package]]
name = "wrapt"
version = "1.14.1"
description = "Module for decorators, wrappers and monkey patching."
category = "main"
optional = false
python-versions = "!=3.0.*,!=3.1.*,!=3.2.*,!=3.3.*,!=3.4.*,>=2.7"

[metadata]
lock-version = "1.1"
python-versions = "^3.10"
content-hash = "b8a0673b8f6d6c70b498b053610a1fb4fc4a037e48c2a6f6270320f4e7263e76"

[metadata.files]
amqp = []
asgiref = [
    {file = "asgiref-3.5.2-py3-none-any.whl", hash = "sha256:1d2880b792ae8757289136f1db2b7b99100ce959b2aa57fd69dab783d05afac4"},
    {file = "asgiref-3.5.2.tar.gz", hash = "sha256:4a29362a6acebe09bf1d6640db38c1dc3d9217c68e6f9f6204d72667fc19a424"},
]
async-timeout = []
atomicwrites = []
attrs = []
billiard = []
black = []
celery = []
certifi = [
    {file = "certifi-2022.6.15-py3-none-any.whl", hash = "sha256:fe86415d55e84719d75f8b69414f6438ac3547d2078ab91b67e779ef69378412"},
    {file = "certifi-2022.6.15.tar.gz", hash = "sha256:84c85a9078b11105f04f3036a9482ae10e4621616db313fe045dd24743a0820d"},
]
charset-normalizer = []
click = [
    {file = "click-8.1.3-py3-none-any.whl", hash = "sha256:bb4d8133cb15a609f44e8213d9b391b0809795062913b383c62be0ee95b1db48"},
    {file = "click-8.1.3.tar.gz", hash = "sha256:7682dc8afb30297001674575ea00d1814d808d6a36af415a82bd481d37ba7b8e"},
]
click-didyoumean = []
click-plugins = []
click-repl = []
colorama = [
    {file = "colorama-0.4.5-py2.py3-none-any.whl", hash = "sha256:854bf444933e37f5824ae7bfc1e98d5bce2ebe4160d46b5edf346a89358e99da"},
    {file = "colorama-0.4.5.tar.gz", hash = "sha256:e6c6b4334fc50988a639d9b98aa429a0b57da6e17b9a44f0451f930b6967b7a4"},
]
coreapi = []
coreschema = []
debugpy = []
deprecated = []
django = []
djangorestframework = [
    {file = "djangorestframework-3.13.1-py3-none-any.whl", hash = "sha256:24c4bf58ed7e85d1fe4ba250ab2da926d263cd57d64b03e8dcef0ac683f8b1aa"},
    {file = "djangorestframework-3.13.1.tar.gz", hash = "sha256:0c33407ce23acc68eca2a6e46424b008c9c02eceb8cf18581921d0092bc1f2ee"},
]
drf-yasg = []
execnet = []
idna = [
    {file = "idna-3.3-py3-none-any.whl", hash = "sha256:84d9dd047ffa80596e0f246e2eab0b391788b0503584e8945f2368256d2735ff"},
    {file = "idna-3.3.tar.gz", hash = "sha256:9d643ff0a55b762d5cdb124b8eaa99c66322e2157b69160bc32796e824360e6d"},
]
inflection = []
iniconfig = [
    {file = "iniconfig-1.1.1-py2.py3-none-any.whl", hash = "sha256:011e24c64b7f47f6ebd835bb12a743f2fbe9a26d4cecaa7f53bc4f35ee9da8b3"},
    {file = "iniconfig-1.1.1.tar.gz", hash = "sha256:bc3af051d7d14b2ee5ef9969666def0cd1a000e121eaea580d4a313df4b37f32"},
]
itypes = []
jinja2 = []
kombu = []
markdown = []
markupsafe = []
model-bakery = []
mypy-extensions = []
packaging = [
    {file = "packaging-21.3-py3-none-any.whl", hash = "sha256:ef103e05f519cdc783ae24ea4e2e0f508a9c99b2d4969652eed6a2e1ea5bd522"},
    {file = "packaging-21.3.tar.gz", hash = "sha256:dd47c42927d89ab911e606518907cc2d3a1f38bbd026385970643f9c5b8ecfeb"},
]
pathspec = []
platformdirs = []
pluggy = [
    {file = "pluggy-1.0.0-py2.py3-none-any.whl", hash = "sha256:74134bbf457f031a36d68416e1509f34bd5ccc019f0bcc952c7b909d06b37bd3"},
    {file = "pluggy-1.0.0.tar.gz", hash = "sha256:4224373bacce55f955a878bf9cfa763c1e360858e330072059e10bad68531159"},
]
prompt-toolkit = []
psycopg2 = [
    {file = "psycopg2-2.9.3-cp310-cp310-win32.whl", hash = "sha256:083707a696e5e1c330af2508d8fab36f9700b26621ccbcb538abe22e15485362"},
    {file = "psycopg2-2.9.3-cp310-cp310-win_amd64.whl", hash = "sha256:d3ca6421b942f60c008f81a3541e8faf6865a28d5a9b48544b0ee4f40cac7fca"},
    {file = "psycopg2-2.9.3-cp36-cp36m-win32.whl", hash = "sha256:9572e08b50aed176ef6d66f15a21d823bb6f6d23152d35e8451d7d2d18fdac56"},
    {file = "psycopg2-2.9.3-cp36-cp36m-win_amd64.whl", hash = "sha256:a81e3866f99382dfe8c15a151f1ca5fde5815fde879348fe5a9884a7c092a305"},
    {file = "psycopg2-2.9.3-cp37-cp37m-win32.whl", hash = "sha256:cb10d44e6694d763fa1078a26f7f6137d69f555a78ec85dc2ef716c37447e4b2"},
    {file = "psycopg2-2.9.3-cp37-cp37m-win_amd64.whl", hash = "sha256:4295093a6ae3434d33ec6baab4ca5512a5082cc43c0505293087b8a46d108461"},
    {file = "psycopg2-2.9.3-cp38-cp38-win32.whl", hash = "sha256:34b33e0162cfcaad151f249c2649fd1030010c16f4bbc40a604c1cb77173dcf7"},
    {file = "psycopg2-2.9.3-cp38-cp38-win_amd64.whl", hash = "sha256:0762c27d018edbcb2d34d51596e4346c983bd27c330218c56c4dc25ef7e819bf"},
    {file = "psycopg2-2.9.3-cp39-cp39-win32.whl", hash = "sha256:8cf3878353cc04b053822896bc4922b194792df9df2f1ad8da01fb3043602126"},
    {file = "psycopg2-2.9.3-cp39-cp39-win_amd64.whl", hash = "sha256:06f32425949bd5fe8f625c49f17ebb9784e1e4fe928b7cce72edc36fb68e4c0c"},
    {file = "psycopg2-2.9.3.tar.gz", hash = "sha256:8e841d1bf3434da985cc5ef13e6f75c8981ced601fd70cc6bf33351b91562981"},
]
py = [
    {file = "py-1.11.0-py2.py3-none-any.whl", hash = "sha256:607c53218732647dff4acdfcd50cb62615cedf612e72d1724fb1a0cc6405b378"},
    {file = "py-1.11.0.tar.gz", hash = "sha256:51c75c4126074b472f746a24399ad32f6053d1b34b68d2fa41e558e6f4a98719"},
]
pyparsing = [
    {file = "pyparsing-3.0.9-py3-none-any.whl", hash = "sha256:5026bae9a10eeaefb61dab2f09052b9f4307d44aee4eda64b309723d8d206bbc"},
    {file = "pyparsing-3.0.9.tar.gz", hash = "sha256:2b020ecf7d21b687f219b71ecad3631f644a47f01403fa1d1036b0c6416d70fb"},
]
pytest = [
    {file = "pytest-7.1.2-py3-none-any.whl", hash = "sha256:13d0e3ccfc2b6e26be000cb6568c832ba67ba32e719443bfe725814d3c42433c"},
    {file = "pytest-7.1.2.tar.gz", hash = "sha256:a06a0425453864a270bc45e71f783330a7428defb4230fb5e6a731fde06ecd45"},
]
pytest-django = []
pytest-forked = []
pytest-xdist = []
pytz = []
redis = []
requests = [
    {file = "requests-2.28.1-py3-none-any.whl", hash = "sha256:8fefa2a1a1365bf5520aac41836fbee479da67864514bdb821f31ce07ce65349"},
    {file = "requests-2.28.1.tar.gz", hash = "sha256:7c5599b102feddaa661c826c56ab4fee28bfd17f5abca1ebbe3e7f19d7c97983"},
]
"ruamel.yaml" = []
"ruamel.yaml.clib" = []
six = [
    {file = "six-1.16.0-py2.py3-none-any.whl", hash = "sha256:8abb2f1d86890a2dfb989f9a77cfcfd3e47c2a354b01111771326f8aa26e0254"},
    {file = "six-1.16.0.tar.gz", hash = "sha256:1e61c37477a1626458e36f7b1d82aa5c9b094fa4802892072e49de9c60c4c926"},
]
sqlparse = [
    {file = "sqlparse-0.4.2-py3-none-any.whl", hash = "sha256:48719e356bb8b42991bdbb1e8b83223757b93789c00910a616a071910ca4a64d"},
    {file = "sqlparse-0.4.2.tar.gz", hash = "sha256:0c00730c74263a94e5a9919ade150dfc3b19c574389985446148402998287dae"},
]
tomli = [
    {file = "tomli-2.0.1-py3-none-any.whl", hash = "sha256:939de3e7a6161af0c887ef91b7d41a53e7c5a1ca976325f429cb46ea9bc30ecc"},
    {file = "tomli-2.0.1.tar.gz", hash = "sha256:de526c12914f0c550d15924c62d72abc48d6fe7364aa87328337a31007fe8a4f"},
]
tzdata = []
uritemplate = [
    {file = "uritemplate-4.1.1-py2.py3-none-any.whl", hash = "sha256:830c08b8d99bdd312ea4ead05994a38e8936266f84b9a7878232db50b044e02e"},
    {file = "uritemplate-4.1.1.tar.gz", hash = "sha256:4346edfc5c3b79f694bccd6d6099a322bbeb628dbf2cd86eea55a456ce5124f0"},
]
urllib3 = []
vine = []
wcwidth = [
    {file = "wcwidth-0.2.5-py2.py3-none-any.whl", hash = "sha256:beb4802a9cebb9144e99086eff703a642a13d6a0052920003a230f3294bbe784"},
    {file = "wcwidth-0.2.5.tar.gz", hash = "sha256:c4d647b99872929fdb7bdcaa4fbe7f01413ed3d98077df798530e5b04f116c83"},
]
wrapt = []
